
Microsoft Visual Studio Solution File, Format Version 12.00
Project("{FAE04EC0-301F-11D3-BF4B-00C04F79EFBC}") = "Staff_Home_Pro", "Staff_Home_Pro\Staff_Home_Pro.csproj", "{94FBF630-C6F3-4F26-81AD-C180C5D07613}"
EndProject
Project("{2150E333-8FDC-42A3-9474-1A3956D46DE8}") = "src", "src", "{EFBA4C2D-67B2-43C7-99FA-DFCDDB8DEE6F}"
EndProject
Project("{2150E333-8FDC-42A3-9474-1A3956D46DE8}") = "Services", "Services", "{2075A0C1-5DAA-4558-A532-9C5F11137548}"
EndProject
Project("{2150E333-8FDC-42A3-9474-1A3956D46DE8}") = "Personnel", "Personnel", "{B25F83D6-FAC2-41B0-A284-D5EDB34F489A}"
EndProject
Project("{2150E333-8FDC-42A3-9474-1A3956D46DE8}") = "Domain", "Domain", "{FD1D0CA6-49DB-45FC-9952-A4789F6D5AF3}"
EndProject
Project("{2150E333-8FDC-42A3-9474-1A3956D46DE8}") = "Tests", "Tests", "{D15DE0CF-8F31-487A-866B-B4FB86730172}"
EndProject
Project("{FAE04EC0-301F-11D3-BF4B-00C04F79EFBC}") = "Personnel.Domain", "src\Services\Personnel\Domain\Personnel.Domain\Personnel.Domain.csproj", "{37BAEB9B-282F-4224-A3D0-493500C92226}"
EndProject
Project("{FAE04EC0-301F-11D3-BF4B-00C04F79EFBC}") = "Personnel.Unit", "src\Services\Personnel\Tests\Personnel.Unit\Personnel.Unit.csproj", "{4B7E4F2E-940A-4E8E-98CD-A0EA8BC404C0}"
EndProject
Project("{FAE04EC0-301F-11D3-BF4B-00C04F79EFBC}") = "Person.DataGenerator", "Person.DataGenerator\Person.DataGenerator.csproj", "{1BF6D7AA-0FE9-46F0-AFF8-C692ED1E812C}"
EndProject
Global
	GlobalSection(SolutionConfigurationPlatforms) = preSolution
		Debug|Any CPU = Debug|Any CPU
		Release|Any CPU = Release|Any CPU
	EndGlobalSection
	GlobalSection(ProjectConfigurationPlatforms) = postSolution
		{94FBF630-C6F3-4F26-81AD-C180C5D07613}.Debug|Any CPU.ActiveCfg = Debug|Any CPU
		{94FBF630-C6F3-4F26-81AD-C180C5D07613}.Debug|Any CPU.Build.0 = Debug|Any CPU
		{94FBF630-C6F3-4F26-81AD-C180C5D07613}.Release|Any CPU.ActiveCfg = Release|Any CPU
		{94FBF630-C6F3-4F26-81AD-C180C5D07613}.Release|Any CPU.Build.0 = Release|Any CPU
		{37BAEB9B-282F-4224-A3D0-493500C92226}.Debug|Any CPU.ActiveCfg = Debug|Any CPU
		{37BAEB9B-282F-4224-A3D0-493500C92226}.Debug|Any CPU.Build.0 = Debug|Any CPU
		{37BAEB9B-282F-4224-A3D0-493500C92226}.Release|Any CPU.ActiveCfg = Release|Any CPU
		{37BAEB9B-282F-4224-A3D0-493500C92226}.Release|Any CPU.Build.0 = Release|Any CPU
		{4B7E4F2E-940A-4E8E-98CD-A0EA8BC404C0}.Debug|Any CPU.ActiveCfg = Debug|Any CPU
		{4B7E4F2E-940A-4E8E-98CD-A0EA8BC404C0}.Debug|Any CPU.Build.0 = Debug|Any CPU
		{4B7E4F2E-940A-4E8E-98CD-A0EA8BC404C0}.Release|Any CPU.ActiveCfg = Release|Any CPU
		{4B7E4F2E-940A-4E8E-98CD-A0EA8BC404C0}.Release|Any CPU.Build.0 = Release|Any CPU
		{1BF6D7AA-0FE9-46F0-AFF8-C692ED1E812C}.Debug|Any CPU.ActiveCfg = Debug|Any CPU
		{1BF6D7AA-0FE9-46F0-AFF8-C692ED1E812C}.Debug|Any CPU.Build.0 = Debug|Any CPU
		{1BF6D7AA-0FE9-46F0-AFF8-C692ED1E812C}.Release|Any CPU.ActiveCfg = Release|Any CPU
		{1BF6D7AA-0FE9-46F0-AFF8-C692ED1E812C}.Release|Any CPU.Build.0 = Release|Any CPU
	EndGlobalSection
	GlobalSection(NestedProjects) = preSolution
		{2075A0C1-5DAA-4558-A532-9C5F11137548} = {EFBA4C2D-67B2-43C7-99FA-DFCDDB8DEE6F}
		{B25F83D6-FAC2-41B0-A284-D5EDB34F489A} = {2075A0C1-5DAA-4558-A532-9C5F11137548}
		{FD1D0CA6-49DB-45FC-9952-A4789F6D5AF3} = {B25F83D6-FAC2-41B0-A284-D5EDB34F489A}
		{D15DE0CF-8F31-487A-866B-B4FB86730172} = {B25F83D6-FAC2-41B0-A284-D5EDB34F489A}
		{37BAEB9B-282F-4224-A3D0-493500C92226} = {FD1D0CA6-49DB-45FC-9952-A4789F6D5AF3}
		{4B7E4F2E-940A-4E8E-98CD-A0EA8BC404C0} = {D15DE0CF-8F31-487A-866B-B4FB86730172}
		{1BF6D7AA-0FE9-46F0-AFF8-C692ED1E812C} = {D15DE0CF-8F31-487A-866B-B4FB86730172}
	EndGlobalSection
EndGlobal
