
Microsoft Visual Studio Solution File, Format Version 12.00
Project("{FAE04EC0-301F-11D3-BF4B-00C04F79EFBC}") = "Staff_Home_Pro", "Staff_Home_Pro\Staff_Home_Pro.csproj", "{94FBF630-C6F3-4F26-81AD-C180C5D07613}"
EndProject
Project("{2150E333-8FDC-42A3-9474-1A3956D46DE8}") = "src", "src", "{EFBA4C2D-67B2-43C7-99FA-DFCDDB8DEE6F}"
EndProject
Project("{2150E333-8FDC-42A3-9474-1A3956D46DE8}") = "Services", "Services", "{2075A0C1-5DAA-4558-A532-9C5F11137548}"
EndProject
Project("{2150E333-8FDC-42A3-9474-1A3956D46DE8}") = "Personnel", "Personnel", "{B25F83D6-FAC2-41B0-A284-D5EDB34F489A}"
EndProject
Project("{2150E333-8FDC-42A3-9474-1A3956D46DE8}") = "Domain", "Domain", "{FD1D0CA6-49DB-45FC-9952-A4789F6D5AF3}"
EndProject
Project("{2150E333-8FDC-42A3-9474-1A3956D46DE8}") = "Tests", "Tests", "{D15DE0CF-8F31-487A-866B-B4FB86730172}"
EndProject
Project("{FAE04EC0-301F-11D3-BF4B-00C04F79EFBC}") = "Personnel.Domain", "src\Services\Personnel\Domain\Personnel.Domain\Personnel.Domain.csproj", "{37BAEB9B-282F-4224-A3D0-493500C92226}"
EndProject
Project("{FAE04EC0-301F-11D3-BF4B-00C04F79EFBC}") = "Personnel.Unit", "src\Services\Personnel\Tests\Personnel.Unit\Personnel.Unit.csproj", "{4B7E4F2E-940A-4E8E-98CD-A0EA8BC404C0}"
EndProject
Project("{2150E333-8FDC-42A3-9474-1A3956D46DE8}") = "Application", "Application", "{5EBF69C7-1889-4C15-9B02-2F8E382A5D4A}"
EndProject
Project("{FAE04EC0-301F-11D3-BF4B-00C04F79EFBC}") = "DataGenerator", "src\Services\Personnel\Tests\DataGenerator\DataGenerator.csproj", "{0393C901-6C01-4A96-B6B9-95929BA42906}"
EndProject
Project("{FAE04EC0-301F-11D3-BF4B-00C04F79EFBC}") = "Personnel.Application.Services", "src\Services\Personnel\Application\Personnel.Application.Services\Personnel.Application.Services.csproj", "{3B4F2C88-E9F1-466E-9E98-C8092A1A605B}"
EndProject
Project("{2150E333-8FDC-42A3-9474-1A3956D46DE8}") = "Infrastructure", "Infrastructure", "{07E2EAC3-B6EC-43AE-9ADC-02B5B56A0F07}"
EndProject
Project("{FAE04EC0-301F-11D3-BF4B-00C04F79EFBC}") = "Personnel.Infrastructure.Repositories", "src\Services\Personnel\Infrastructure\Personnel.Infrastructure.Repositories\Personnel.Infrastructure.Repositories.csproj", "{8C88836F-E5DD-41E2-8045-E4CDC4262774}"
EndProject
Project("{FAE04EC0-301F-11D3-BF4B-00C04F79EFBC}") = "Personnel.Infrastructure.Data", "src\Services\Personnel\Infrastructure\Personnel.Infrastructure.Data\Personnel.Infrastructure.Data.csproj", "{6F4A11E9-2047-4B76-8C25-0E7C83301E12}"
EndProject
Project("{2150E333-8FDC-42A3-9474-1A3956D46DE8}") = "Shared", "Shared", "{5BA888E5-44CA-43A4-B96B-A24CF5CF6BCC}"
EndProject
Project("{2150E333-8FDC-42A3-9474-1A3956D46DE8}") = "Domain", "Domain", "{7DF4060A-7F3A-46D1-901E-003B36F0A9C2}"
EndProject
Project("{FAE04EC0-301F-11D3-BF4B-00C04F79EFBC}") = "Shared.Domain", "src\Shared\Domain\Shared.Domain\Shared.Domain.csproj", "{2F3F9558-2EEF-4C2A-BA0A-7D577C2C5DA3}"
EndProject
Project("{2150E333-8FDC-42A3-9474-1A3956D46DE8}") = "Api", "Api", "{595FBD48-C243-4761-AB49-FE28E9AFDDD5}"
EndProject
Project("{FAE04EC0-301F-11D3-BF4B-00C04F79EFBC}") = "Personnel.Api", "src\Services\Personnel\Api\Personnel.Api\Personnel.Api.csproj", "{05C6C89E-9C15-422B-A49E-0EE80C1AB68A}"
EndProject
Global
	GlobalSection(SolutionConfigurationPlatforms) = preSolution
		Debug|Any CPU = Debug|Any CPU
		Release|Any CPU = Release|Any CPU
	EndGlobalSection
	GlobalSection(ProjectConfigurationPlatforms) = postSolution
		{94FBF630-C6F3-4F26-81AD-C180C5D07613}.Debug|Any CPU.ActiveCfg = Debug|Any CPU
		{94FBF630-C6F3-4F26-81AD-C180C5D07613}.Debug|Any CPU.Build.0 = Debug|Any CPU
		{94FBF630-C6F3-4F26-81AD-C180C5D07613}.Release|Any CPU.ActiveCfg = Release|Any CPU
		{94FBF630-C6F3-4F26-81AD-C180C5D07613}.Release|Any CPU.Build.0 = Release|Any CPU
		{37BAEB9B-282F-4224-A3D0-493500C92226}.Debug|Any CPU.ActiveCfg = Debug|Any CPU
		{37BAEB9B-282F-4224-A3D0-493500C92226}.Debug|Any CPU.Build.0 = Debug|Any CPU
		{37BAEB9B-282F-4224-A3D0-493500C92226}.Release|Any CPU.ActiveCfg = Release|Any CPU
		{37BAEB9B-282F-4224-A3D0-493500C92226}.Release|Any CPU.Build.0 = Release|Any CPU
		{4B7E4F2E-940A-4E8E-98CD-A0EA8BC404C0}.Debug|Any CPU.ActiveCfg = Debug|Any CPU
		{4B7E4F2E-940A-4E8E-98CD-A0EA8BC404C0}.Debug|Any CPU.Build.0 = Debug|Any CPU
		{4B7E4F2E-940A-4E8E-98CD-A0EA8BC404C0}.Release|Any CPU.ActiveCfg = Release|Any CPU
		{4B7E4F2E-940A-4E8E-98CD-A0EA8BC404C0}.Release|Any CPU.Build.0 = Release|Any CPU
		{0393C901-6C01-4A96-B6B9-95929BA42906}.Debug|Any CPU.ActiveCfg = Debug|Any CPU
		{0393C901-6C01-4A96-B6B9-95929BA42906}.Debug|Any CPU.Build.0 = Debug|Any CPU
		{0393C901-6C01-4A96-B6B9-95929BA42906}.Release|Any CPU.ActiveCfg = Release|Any CPU
		{0393C901-6C01-4A96-B6B9-95929BA42906}.Release|Any CPU.Build.0 = Release|Any CPU
		{3B4F2C88-E9F1-466E-9E98-C8092A1A605B}.Debug|Any CPU.ActiveCfg = Debug|Any CPU
		{3B4F2C88-E9F1-466E-9E98-C8092A1A605B}.Debug|Any CPU.Build.0 = Debug|Any CPU
		{3B4F2C88-E9F1-466E-9E98-C8092A1A605B}.Release|Any CPU.ActiveCfg = Release|Any CPU
		{3B4F2C88-E9F1-466E-9E98-C8092A1A605B}.Release|Any CPU.Build.0 = Release|Any CPU
		{8C88836F-E5DD-41E2-8045-E4CDC4262774}.Debug|Any CPU.ActiveCfg = Debug|Any CPU
		{8C88836F-E5DD-41E2-8045-E4CDC4262774}.Debug|Any CPU.Build.0 = Debug|Any CPU
		{8C88836F-E5DD-41E2-8045-E4CDC4262774}.Release|Any CPU.ActiveCfg = Release|Any CPU
		{8C88836F-E5DD-41E2-8045-E4CDC4262774}.Release|Any CPU.Build.0 = Release|Any CPU
		{6F4A11E9-2047-4B76-8C25-0E7C83301E12}.Debug|Any CPU.ActiveCfg = Debug|Any CPU
		{6F4A11E9-2047-4B76-8C25-0E7C83301E12}.Debug|Any CPU.Build.0 = Debug|Any CPU
		{6F4A11E9-2047-4B76-8C25-0E7C83301E12}.Release|Any CPU.ActiveCfg = Release|Any CPU
		{6F4A11E9-2047-4B76-8C25-0E7C83301E12}.Release|Any CPU.Build.0 = Release|Any CPU
		{2F3F9558-2EEF-4C2A-BA0A-7D577C2C5DA3}.Debug|Any CPU.ActiveCfg = Debug|Any CPU
		{2F3F9558-2EEF-4C2A-BA0A-7D577C2C5DA3}.Debug|Any CPU.Build.0 = Debug|Any CPU
		{2F3F9558-2EEF-4C2A-BA0A-7D577C2C5DA3}.Release|Any CPU.ActiveCfg = Release|Any CPU
		{2F3F9558-2EEF-4C2A-BA0A-7D577C2C5DA3}.Release|Any CPU.Build.0 = Release|Any CPU
		{05C6C89E-9C15-422B-A49E-0EE80C1AB68A}.Debug|Any CPU.ActiveCfg = Debug|Any CPU
		{05C6C89E-9C15-422B-A49E-0EE80C1AB68A}.Debug|Any CPU.Build.0 = Debug|Any CPU
		{05C6C89E-9C15-422B-A49E-0EE80C1AB68A}.Release|Any CPU.ActiveCfg = Release|Any CPU
		{05C6C89E-9C15-422B-A49E-0EE80C1AB68A}.Release|Any CPU.Build.0 = Release|Any CPU
	EndGlobalSection
	GlobalSection(NestedProjects) = preSolution
		{2075A0C1-5DAA-4558-A532-9C5F11137548} = {EFBA4C2D-67B2-43C7-99FA-DFCDDB8DEE6F}
		{B25F83D6-FAC2-41B0-A284-D5EDB34F489A} = {2075A0C1-5DAA-4558-A532-9C5F11137548}
		{FD1D0CA6-49DB-45FC-9952-A4789F6D5AF3} = {B25F83D6-FAC2-41B0-A284-D5EDB34F489A}
		{D15DE0CF-8F31-487A-866B-B4FB86730172} = {B25F83D6-FAC2-41B0-A284-D5EDB34F489A}
		{37BAEB9B-282F-4224-A3D0-493500C92226} = {FD1D0CA6-49DB-45FC-9952-A4789F6D5AF3}
		{4B7E4F2E-940A-4E8E-98CD-A0EA8BC404C0} = {D15DE0CF-8F31-487A-866B-B4FB86730172}
		{5EBF69C7-1889-4C15-9B02-2F8E382A5D4A} = {B25F83D6-FAC2-41B0-A284-D5EDB34F489A}
		{0393C901-6C01-4A96-B6B9-95929BA42906} = {D15DE0CF-8F31-487A-866B-B4FB86730172}
		{3B4F2C88-E9F1-466E-9E98-C8092A1A605B} = {5EBF69C7-1889-4C15-9B02-2F8E382A5D4A}
		{07E2EAC3-B6EC-43AE-9ADC-02B5B56A0F07} = {B25F83D6-FAC2-41B0-A284-D5EDB34F489A}
		{8C88836F-E5DD-41E2-8045-E4CDC4262774} = {07E2EAC3-B6EC-43AE-9ADC-02B5B56A0F07}
		{6F4A11E9-2047-4B76-8C25-0E7C83301E12} = {07E2EAC3-B6EC-43AE-9ADC-02B5B56A0F07}
		{5BA888E5-44CA-43A4-B96B-A24CF5CF6BCC} = {EFBA4C2D-67B2-43C7-99FA-DFCDDB8DEE6F}
		{7DF4060A-7F3A-46D1-901E-003B36F0A9C2} = {5BA888E5-44CA-43A4-B96B-A24CF5CF6BCC}
		{2F3F9558-2EEF-4C2A-BA0A-7D577C2C5DA3} = {7DF4060A-7F3A-46D1-901E-003B36F0A9C2}
		{595FBD48-C243-4761-AB49-FE28E9AFDDD5} = {B25F83D6-FAC2-41B0-A284-D5EDB34F489A}
		{05C6C89E-9C15-422B-A49E-0EE80C1AB68A} = {595FBD48-C243-4761-AB49-FE28E9AFDDD5}
	EndGlobalSection
EndGlobal
